
Microsoft Visual Studio Solution File, Format Version 12.00
# Visual Studio 15
VisualStudioVersion = 15.0.27703.2026
MinimumVisualStudioVersion = 10.0.40219.1
Project("{FAE04EC0-301F-11D3-BF4B-00C04F79EFBC}") = "ProveAA", "ProveAA.csproj", "{FD5CCB72-F6BF-44FE-A337-011F6784C184}"
EndProject
Global
	GlobalSection(SolutionConfigurationPlatforms) = preSolution
		Debug|Any CPU = Debug|Any CPU
		Release|Any CPU = Release|Any CPU
	EndGlobalSection
	GlobalSection(ProjectConfigurationPlatforms) = postSolution
		{FD5CCB72-F6BF-44FE-A337-011F6784C184}.Debug|Any CPU.ActiveCfg = Debug|Any CPU
		{FD5CCB72-F6BF-44FE-A337-011F6784C184}.Debug|Any CPU.Build.0 = Debug|Any CPU
		{FD5CCB72-F6BF-44FE-A337-011F6784C184}.Release|Any CPU.ActiveCfg = Release|Any CPU
		{FD5CCB72-F6BF-44FE-A337-011F6784C184}.Release|Any CPU.Build.0 = Release|Any CPU
	EndGlobalSection
	GlobalSection(SolutionProperties) = preSolution
		HideSolutionNode = FALSE
	EndGlobalSection
	GlobalSection(ExtensibilityGlobals) = postSolution
		SolutionGuid = {A4978F2A-D634-44BA-9D4B-FD87D970687C}
	EndGlobalSection
EndGlobal
